
Microsoft Visual Studio Solution File, Format Version 12.00
# Visual Studio Version 17
VisualStudioVersion = 17.5.33516.290
MinimumVisualStudioVersion = 10.0.40219.1
Project("{FAE04EC0-301F-11D3-BF4B-00C04F79EFBC}") = "DUYEN_TEST", "DUYEN_TEST\DUYEN_TEST.csproj", "{4566509B-56FD-493A-8405-8E2DC9FC0DA5}"
EndProject
Global
	GlobalSection(SolutionConfigurationPlatforms) = preSolution
		Debug|Any CPU = Debug|Any CPU
		Release|Any CPU = Release|Any CPU
	EndGlobalSection
	GlobalSection(ProjectConfigurationPlatforms) = postSolution
		{4566509B-56FD-493A-8405-8E2DC9FC0DA5}.Debug|Any CPU.ActiveCfg = Debug|Any CPU
		{4566509B-56FD-493A-8405-8E2DC9FC0DA5}.Debug|Any CPU.Build.0 = Debug|Any CPU
		{4566509B-56FD-493A-8405-8E2DC9FC0DA5}.Release|Any CPU.ActiveCfg = Release|Any CPU
		{4566509B-56FD-493A-8405-8E2DC9FC0DA5}.Release|Any CPU.Build.0 = Release|Any CPU
	EndGlobalSection
	GlobalSection(SolutionProperties) = preSolution
		HideSolutionNode = FALSE
	EndGlobalSection
	GlobalSection(ExtensibilityGlobals) = postSolution
		SolutionGuid = {3D3587A7-8089-4597-990B-9EBCA624C8C5}
	EndGlobalSection
EndGlobal
